// !$*UTF8*$!
{
	archiveVersion = 1;
	classes = {
	};
	objectVersion = 77;
	objects = {

/* Begin PBXBuildFile section */
		0599F5C016D60F67403C42C2 /* CopilotUsageProvider.swift in Sources */ = {isa = PBXBuildFile; fileRef = E5569E48222BF50022CEA5B0 /* CopilotUsageProvider.swift */; };
		08E130090A54B77649BBF5CF /* ProviderHTTP.swift in Sources */ = {isa = PBXBuildFile; fileRef = 5026452A4FFB4EC36C26BBF8 /* ProviderHTTP.swift */; };
		0944C8F91AD549822C00ADBD /* AppLanguage.swift in Sources */ = {isa = PBXBuildFile; fileRef = 41E8CE16AA5C8DD310F8BA4C /* AppLanguage.swift */; };
		098A1A499BB09A93EFCAC141 /* RefreshTimestampPresenter.swift in Sources */ = {isa = PBXBuildFile; fileRef = F31A95484F3E7C27B3246C59 /* RefreshTimestampPresenter.swift */; };
		0FADE3BDD279957305E58A95 /* LaunchAtLoginController.swift in Sources */ = {isa = PBXBuildFile; fileRef = ED1D70323A1B8E46FBA98247 /* LaunchAtLoginController.swift */; };
		112233445566778899AABB01 /* ClaudeRefreshCooldown.swift in Sources */ = {isa = PBXBuildFile; fileRef = 112233445566778899AABB03 /* ClaudeRefreshCooldown.swift */; };
		112233445566778899AABB02 /* SecurityKeychainWriter.swift in Sources */ = {isa = PBXBuildFile; fileRef = 112233445566778899AABB04 /* SecurityKeychainWriter.swift */; };
		19EFE0542B4CA456C58C9A74 /* ClaudeUsageProvider.swift in Sources */ = {isa = PBXBuildFile; fileRef = 0AEBE13803AE9738F67BFD6C /* ClaudeUsageProvider.swift */; };
		1F3BE6FCFA852970241D6E25 /* UsageMeterView.swift in Sources */ = {isa = PBXBuildFile; fileRef = E5B22CD5D991B72AA8A5C823 /* UsageMeterView.swift */; };
		236AA9B1A0EBDAF6B532D5C0 /* AppStrings.swift in Sources */ = {isa = PBXBuildFile; fileRef = FCC12B90FAFA8ABCFFDDAC95 /* AppStrings.swift */; };
		24785217C15545587AFE7E48 /* DashboardView.swift in Sources */ = {isa = PBXBuildFile; fileRef = D1BCF394421F7C8988DC6567 /* DashboardView.swift */; };
		26C516A883C98131D9EEF56A /* InteractiveIconButton.swift in Sources */ = {isa = PBXBuildFile; fileRef = 4DE3495FD4EF7CEF400CF611 /* InteractiveIconButton.swift */; };
		2A5A76CECF983C678675A9D6 /* ClaudeSafeStorageKeychainReader.swift in Sources */ = {isa = PBXBuildFile; fileRef = 0E2DF97B8FE48D28C14CD0C0 /* ClaudeSafeStorageKeychainReader.swift */; };
		2DCD16665AC3EDDDDDF21AC5 /* antigravity.svg in Resources */ = {isa = PBXBuildFile; fileRef = 29E125B432F6AF3B9025F9C9 /* antigravity.svg */; };
		30BC7C264D6FB26696BA75C6 /* UsageSnapshotSync.swift in Sources */ = {isa = PBXBuildFile; fileRef = E65A1667ED51CD4C93B9F9B0 /* UsageSnapshotSync.swift */; };
		370EE7CDBA2972CD5409C9F7 /* DashboardSnapshot.swift in Sources */ = {isa = PBXBuildFile; fileRef = 71A182659CB7E2F4FDD510F0 /* DashboardSnapshot.swift */; };
		3A0FB04FFE0809B98130C2DE /* AntigravityUsageProvider.swift in Sources */ = {isa = PBXBuildFile; fileRef = 6C3BFF00D4540808AB1C860C /* AntigravityUsageProvider.swift */; };
		3E1A91CBF12D7769C67D2549 /* AppDelegate.swift in Sources */ = {isa = PBXBuildFile; fileRef = EA86CD1B61D42BC30787D861 /* AppDelegate.swift */; };
		440F27E36B0B17BD49E0ADDA /* UsageProvider.swift in Sources */ = {isa = PBXBuildFile; fileRef = 3E6D7E23743FBBC34BFEED57 /* UsageProvider.swift */; };
		48D920242BDA88519B2FF4BD /* AppLanguage.swift in Sources */ = {isa = PBXBuildFile; fileRef = 41E8CE16AA5C8DD310F8BA4C /* AppLanguage.swift */; };
		4B381373CDF4B7F91D07C3B9 /* MobileUsageView.swift in Sources */ = {isa = PBXBuildFile; fileRef = 180AC40D8EDBC622D6A9C298 /* MobileUsageView.swift */; };
		4B4F02625CE1A0760F28E0F9 /* ProviderID.swift in Sources */ = {isa = PBXBuildFile; fileRef = B1923C928915C5FF1B9F1086 /* ProviderID.swift */; };
		4D56D9A1368CDEDE47FA1207 /* ZAIUsageProvider.swift in Sources */ = {isa = PBXBuildFile; fileRef = D10C4986CF84E3A839055E01 /* ZAIUsageProvider.swift */; };
		4E57AA87AF0984BF2143E635 /* ProviderID.swift in Sources */ = {isa = PBXBuildFile; fileRef = B1923C928915C5FF1B9F1086 /* ProviderID.swift */; };
		51638F234F2D5AE486A54EE1 /* ClaudeCookieDatabase.swift in Sources */ = {isa = PBXBuildFile; fileRef = 81985102BEB8166F95456060 /* ClaudeCookieDatabase.swift */; };
		519728574A52166DC016C745 /* UsageModels.swift in Sources */ = {isa = PBXBuildFile; fileRef = 30302AB6692C2026C197EE4C /* UsageModels.swift */; };
		5677DED53647DB7768CEBEB6 /* ProviderPayload.swift in Sources */ = {isa = PBXBuildFile; fileRef = 4ABCFDAB1771087494006F4A /* ProviderPayload.swift */; };
		5722D8C223150C2C4F4EFA6F /* UsageParsing.swift in Sources */ = {isa = PBXBuildFile; fileRef = 0D46C616793C1B92D5BDFBFA /* UsageParsing.swift */; };
		5F3ABEB2226604C3D97E3FE9 /* FixtureUsageProvider.swift in Sources */ = {isa = PBXBuildFile; fileRef = 704F0659E7DABE1646D48DE4 /* FixtureUsageProvider.swift */; };
		6881D614817D3B112DB86B8C /* codex.svg in Resources */ = {isa = PBXBuildFile; fileRef = 502CAD368A22EC9E4F6FEE6B /* codex.svg */; };
		69CED2C3D7304C984EE2EFE7 /* CodexUsageParser.swift in Sources */ = {isa = PBXBuildFile; fileRef = EA8723B6284BF3D3844961E1 /* CodexUsageParser.swift */; };
		707C579D88BE8B268CAD3CEF /* OmoUsageMobileApp.swift in Sources */ = {isa = PBXBuildFile; fileRef = 2FF0322D5D63B947145ED7D6 /* OmoUsageMobileApp.swift */; };
		72335C02558EBD7437D9EAC7 /* ProviderSetup.swift in Sources */ = {isa = PBXBuildFile; fileRef = DFF2372A302C924B066BD9D3 /* ProviderSetup.swift */; };
		728B1946BB5A0E6D9F7BECC1 /* OpenCodeUsageProvider.swift in Sources */ = {isa = PBXBuildFile; fileRef = D5CF7CBDBE3A6256C0F1694C /* OpenCodeUsageProvider.swift */; };
		73B50972614E5006FCD39C35 /* OmoUsageApp.swift in Sources */ = {isa = PBXBuildFile; fileRef = 703B4FB64DE1CE619CB4CBF3 /* OmoUsageApp.swift */; };
		73FF7EC7862D9A97B9355CB9 /* ProviderIcon.swift in Sources */ = {isa = PBXBuildFile; fileRef = 99E35EB45A3EB81DB7A55A08 /* ProviderIcon.swift */; };
		76586160A7D4F59218F9BE1F /* ProviderSectionView.swift in Sources */ = {isa = PBXBuildFile; fileRef = DC0B81DC5CFBF8B0D0E43BBD /* ProviderSectionView.swift */; };
		77085914D073A6F1CD4CA7C7 /* ProviderAPIKeyStore.swift in Sources */ = {isa = PBXBuildFile; fileRef = 904BE1BBDC988ADD8BE50A13 /* ProviderAPIKeyStore.swift */; };
		8170BB41E2A183846F897346 /* AdditionalCredentialDiscovery.swift in Sources */ = {isa = PBXBuildFile; fileRef = 18E04655A177A8AA235FBDB9 /* AdditionalCredentialDiscovery.swift */; };
		837919BC114FC6497176EBA0 /* ProviderDisplayOrderStore.swift in Sources */ = {isa = PBXBuildFile; fileRef = 0F03319A261576E4FBE15484 /* ProviderDisplayOrderStore.swift */; };
		89B49B73241BE1906C0342C4 /* AntigravityUsageParser.swift in Sources */ = {isa = PBXBuildFile; fileRef = DA6198AA976BD0BCAE26F5A9 /* AntigravityUsageParser.swift */; };
		8A7A8F4EE1ABDAA16CA411FE /* CredentialDiscovery.swift in Sources */ = {isa = PBXBuildFile; fileRef = 78E247810A053AD78274650A /* CredentialDiscovery.swift */; };
		8B29F479D59DB03872982777 /* ProviderDisplayOrderStore.swift in Sources */ = {isa = PBXBuildFile; fileRef = 0F03319A261576E4FBE15484 /* ProviderDisplayOrderStore.swift */; };
		8CAA8252EBDB574B1578C31B /* libsqlite3.tbd in Frameworks */ = {isa = PBXBuildFile; fileRef = 12E50862E77350D46888BB0B /* libsqlite3.tbd */; };
		90DCF0C3402F0974561CA955 /* UsageDashboardViewModel.swift in Sources */ = {isa = PBXBuildFile; fileRef = FDD3136D2B697F932F2F4157 /* UsageDashboardViewModel.swift */; };
		9BEA667587DEC3895D1D4B45 /* LocalDataAccess.swift in Sources */ = {isa = PBXBuildFile; fileRef = 56DAA835165D9917F4E0C489 /* LocalDataAccess.swift */; };
		A83348CE24340E6BC207799B /* UsageModels.swift in Sources */ = {isa = PBXBuildFile; fileRef = 30302AB6692C2026C197EE4C /* UsageModels.swift */; };
		A8E960A082F8FD7DBD737FEE /* ProviderTextLocalization.swift in Sources */ = {isa = PBXBuildFile; fileRef = 5CEFE498203410659A84EB09 /* ProviderTextLocalization.swift */; };
		A9E7EA73978A8697225E2A27 /* ProviderVisualStyle.swift in Sources */ = {isa = PBXBuildFile; fileRef = 6CE6F47ABFF2010B590849E4 /* ProviderVisualStyle.swift */; };
		AE3D66BA181CF528785B9141 /* CodexPlanMultiplierStore.swift in Sources */ = {isa = PBXBuildFile; fileRef = DA2DFDCC52C819D174BBECE1 /* CodexPlanMultiplierStore.swift */; };
		B025B2016537FDACEC08B10A /* DashboardSnapshot.swift in Sources */ = {isa = PBXBuildFile; fileRef = 71A182659CB7E2F4FDD510F0 /* DashboardSnapshot.swift */; };
		B249B7C0F61BD0C951EDEC61 /* OpenRouterUsageProvider.swift in Sources */ = {isa = PBXBuildFile; fileRef = 332B6061B110A89D9233C052 /* OpenRouterUsageProvider.swift */; };
		B49803124479D286A44097B4 /* AppIconFactory.swift in Sources */ = {isa = PBXBuildFile; fileRef = EDBDAA9604D9D64ED51A325C /* AppIconFactory.swift */; };
		C4EA5C82813C76747D7861AB /* DevinUsageProvider.swift in Sources */ = {isa = PBXBuildFile; fileRef = 3DABB14A0BEE73305B501919 /* DevinUsageProvider.swift */; };
		C514F1A530CAEFBB9EFC0980 /* UsageSnapshotSync.swift in Sources */ = {isa = PBXBuildFile; fileRef = E65A1667ED51CD4C93B9F9B0 /* UsageSnapshotSync.swift */; };
		C8791D837E30716C7F09C57C /* CodexUsageProvider.swift in Sources */ = {isa = PBXBuildFile; fileRef = 4ECD87E197A72829FA4FEF8F /* CodexUsageProvider.swift */; };
		C8BF9FD98E8453C90694F505 /* ProviderTextLocalization.swift in Sources */ = {isa = PBXBuildFile; fileRef = 5CEFE498203410659A84EB09 /* ProviderTextLocalization.swift */; };
		D1F2950EAA097426D5F81C34 /* WebDashboardServer.swift in Sources */ = {isa = PBXBuildFile; fileRef = 9A1E4C8B77D641F3A2C5E901 /* WebDashboardServer.swift */; };
		D0C4057361D5DE869F36320A /* CursorUsageProvider.swift in Sources */ = {isa = PBXBuildFile; fileRef = 25DDBD14AFA75AB0522C6FDD /* CursorUsageProvider.swift */; };
		D2AEF7EE1438AD4BD92ED58C /* ProviderDisconnectionStore.swift in Sources */ = {isa = PBXBuildFile; fileRef = 61F5278036864C9CBF1983DB /* ProviderDisconnectionStore.swift */; };
		D6712313D01B279FD91F9573 /* SecurityKeychainReader.swift in Sources */ = {isa = PBXBuildFile; fileRef = 9EABF919950219809021F3EC /* SecurityKeychainReader.swift */; };
		D6D3219CE75A0F7941AB807C /* ClaudeDesktopSessionReader.swift in Sources */ = {isa = PBXBuildFile; fileRef = 035DD26480869B2DDFE54E8C /* ClaudeDesktopSessionReader.swift */; };
		D82EE3B108EEA1BDA4026430 /* GrokUsageProvider.swift in Sources */ = {isa = PBXBuildFile; fileRef = 75B31A35E61DC72262265D84 /* GrokUsageProvider.swift */; };
		DA299BE40BC3DE1D20D9F8E0 /* claude.svg in Resources */ = {isa = PBXBuildFile; fileRef = A081648FEC2B1C86F53B4A00 /* claude.svg */; };
		DC4FC34D73444DD0D4A3E003 /* ProviderFactory.swift in Sources */ = {isa = PBXBuildFile; fileRef = 90AB4BC350C05CBD76F7B6CD /* ProviderFactory.swift */; };
		E27F563450228C1984114909 /* AppIcon.svg in Resources */ = {isa = PBXBuildFile; fileRef = 57E5E7F93A4FF031DEF61076 /* AppIcon.svg */; };
		E203A61FBB1A8537E6092D45 /* WebDashboardAssets.swift in Sources */ = {isa = PBXBuildFile; fileRef = 6B2D5E9C88A75204B3D6FA12 /* WebDashboardAssets.swift */; };
		E3B4AC9EC778BE509B98E2DE /* PopoverFooterView.swift in Sources */ = {isa = PBXBuildFile; fileRef = E8F61035215741B843CC41D6 /* PopoverFooterView.swift */; };
		E3D4C74035B8B1823B6D6353 /* DashboardLayout.swift in Sources */ = {isa = PBXBuildFile; fileRef = A0EF238B1691AA11179C0707 /* DashboardLayout.swift */; };
		F053355E2A64A69C851FF8C3 /* SettingsView.swift in Sources */ = {isa = PBXBuildFile; fileRef = F2F93832A03EEFC4678E3EFD /* SettingsView.swift */; };
		F18D2152109273D7B1A2C6FD /* ClaudeUsageParser.swift in Sources */ = {isa = PBXBuildFile; fileRef = 7A8C29D796E6A4DB0E008032 /* ClaudeUsageParser.swift */; };
		F1E5811217BBFC2D2DCD3A31 /* UsageRefreshScheduler.swift in Sources */ = {isa = PBXBuildFile; fileRef = E3E10EB6976F4F322009A416 /* UsageRefreshScheduler.swift */; };
		F2E65B7B57BFEA1DBEDEAA08 /* AppStrings.swift in Sources */ = {isa = PBXBuildFile; fileRef = FCC12B90FAFA8ABCFFDDAC95 /* AppStrings.swift */; };
		F314B720CC2B9648F71A3E56 /* index.html in Resources */ = {isa = PBXBuildFile; fileRef = 4C3E6FAD99B86315C4E70B23 /* index.html */; };
		FC3EA16049207CF4DD0DFF96 /* PopoverDismissalController.swift in Sources */ = {isa = PBXBuildFile; fileRef = D743407BB6070410C37C24ED /* PopoverDismissalController.swift */; };
		FD484605FEE29F3BF60551D5 /* ProviderVisualStyle.swift in Sources */ = {isa = PBXBuildFile; fileRef = 6CE6F47ABFF2010B590849E4 /* ProviderVisualStyle.swift */; };
/* End PBXBuildFile section */

/* Begin PBXFileReference section */
		035DD26480869B2DDFE54E8C /* ClaudeDesktopSessionReader.swift */ = {isa = PBXFileReference; lastKnownFileType = sourcecode.swift; path = ClaudeDesktopSessionReader.swift; sourceTree = "<group>"; };
		0AEBE13803AE9738F67BFD6C /* ClaudeUsageProvider.swift */ = {isa = PBXFileReference; lastKnownFileType = sourcecode.swift; path = ClaudeUsageProvider.swift; sourceTree = "<group>"; };
		0D46C616793C1B92D5BDFBFA /* UsageParsing.swift */ = {isa = PBXFileReference; lastKnownFileType = sourcecode.swift; path = UsageParsing.swift; sourceTree = "<group>"; };
		0E2DF97B8FE48D28C14CD0C0 /* ClaudeSafeStorageKeychainReader.swift */ = {isa = PBXFileReference; lastKnownFileType = sourcecode.swift; path = ClaudeSafeStorageKeychainReader.swift; sourceTree = "<group>"; };
		0F03319A261576E4FBE15484 /* ProviderDisplayOrderStore.swift */ = {isa = PBXFileReference; lastKnownFileType = sourcecode.swift; path = ProviderDisplayOrderStore.swift; sourceTree = "<group>"; };
		112233445566778899AABB03 /* ClaudeRefreshCooldown.swift */ = {isa = PBXFileReference; lastKnownFileType = sourcecode.swift; path = ClaudeRefreshCooldown.swift; sourceTree = "<group>"; };
		112233445566778899AABB04 /* SecurityKeychainWriter.swift */ = {isa = PBXFileReference; lastKnownFileType = sourcecode.swift; path = SecurityKeychainWriter.swift; sourceTree = "<group>"; };
		12E50862E77350D46888BB0B /* libsqlite3.tbd */ = {isa = PBXFileReference; lastKnownFileType = "sourcecode.text-based-dylib-definition"; name = libsqlite3.tbd; path = usr/lib/libsqlite3.tbd; sourceTree = SDKROOT; };
		180AC40D8EDBC622D6A9C298 /* MobileUsageView.swift */ = {isa = PBXFileReference; lastKnownFileType = sourcecode.swift; path = MobileUsageView.swift; sourceTree = "<group>"; };
		18E04655A177A8AA235FBDB9 /* AdditionalCredentialDiscovery.swift */ = {isa = PBXFileReference; lastKnownFileType = sourcecode.swift; path = AdditionalCredentialDiscovery.swift; sourceTree = "<group>"; };
		25DDBD14AFA75AB0522C6FDD /* CursorUsageProvider.swift */ = {isa = PBXFileReference; lastKnownFileType = sourcecode.swift; path = CursorUsageProvider.swift; sourceTree = "<group>"; };
		2839AE5CADDD8BD525BF4E86 /* OmoUsageMobile.app */ = {isa = PBXFileReference; includeInIndex = 0; lastKnownFileType = wrapper.application; path = OmoUsageMobile.app; sourceTree = BUILT_PRODUCTS_DIR; };
		29E125B432F6AF3B9025F9C9 /* antigravity.svg */ = {isa = PBXFileReference; path = antigravity.svg; sourceTree = "<group>"; };
		2FF0322D5D63B947145ED7D6 /* OmoUsageMobileApp.swift */ = {isa = PBXFileReference; lastKnownFileType = sourcecode.swift; path = OmoUsageMobileApp.swift; sourceTree = "<group>"; };
		30302AB6692C2026C197EE4C /* UsageModels.swift */ = {isa = PBXFileReference; lastKnownFileType = sourcecode.swift; path = UsageModels.swift; sourceTree = "<group>"; };
		332B6061B110A89D9233C052 /* OpenRouterUsageProvider.swift */ = {isa = PBXFileReference; lastKnownFileType = sourcecode.swift; path = OpenRouterUsageProvider.swift; sourceTree = "<group>"; };
		3DABB14A0BEE73305B501919 /* DevinUsageProvider.swift */ = {isa = PBXFileReference; lastKnownFileType = sourcecode.swift; path = DevinUsageProvider.swift; sourceTree = "<group>"; };
		3E6D7E23743FBBC34BFEED57 /* UsageProvider.swift */ = {isa = PBXFileReference; lastKnownFileType = sourcecode.swift; path = UsageProvider.swift; sourceTree = "<group>"; };
		41E8CE16AA5C8DD310F8BA4C /* AppLanguage.swift */ = {isa = PBXFileReference; lastKnownFileType = sourcecode.swift; path = AppLanguage.swift; sourceTree = "<group>"; };
		4C3E6FAD99B86315C4E70B23 /* index.html */ = {isa = PBXFileReference; lastKnownFileType = text.html; path = index.html; sourceTree = "<group>"; };
		49C4D32EDDD9D2B9A4B21481 /* OmoUsage.app */ = {isa = PBXFileReference; explicitFileType = wrapper.application; includeInIndex = 0; path = OmoUsage.app; sourceTree = BUILT_PRODUCTS_DIR; };
		4ABCFDAB1771087494006F4A /* ProviderPayload.swift */ = {isa = PBXFileReference; lastKnownFileType = sourcecode.swift; path = ProviderPayload.swift; sourceTree = "<group>"; };
		4DE3495FD4EF7CEF400CF611 /* InteractiveIconButton.swift */ = {isa = PBXFileReference; lastKnownFileType = sourcecode.swift; path = InteractiveIconButton.swift; sourceTree = "<group>"; };
		4ECD87E197A72829FA4FEF8F /* CodexUsageProvider.swift */ = {isa = PBXFileReference; lastKnownFileType = sourcecode.swift; path = CodexUsageProvider.swift; sourceTree = "<group>"; };
		5026452A4FFB4EC36C26BBF8 /* ProviderHTTP.swift */ = {isa = PBXFileReference; lastKnownFileType = sourcecode.swift; path = ProviderHTTP.swift; sourceTree = "<group>"; };
		502CAD368A22EC9E4F6FEE6B /* codex.svg */ = {isa = PBXFileReference; path = codex.svg; sourceTree = "<group>"; };
		56DAA835165D9917F4E0C489 /* LocalDataAccess.swift */ = {isa = PBXFileReference; lastKnownFileType = sourcecode.swift; path = LocalDataAccess.swift; sourceTree = "<group>"; };
		57E5E7F93A4FF031DEF61076 /* AppIcon.svg */ = {isa = PBXFileReference; path = AppIcon.svg; sourceTree = "<group>"; };
		5CEFE498203410659A84EB09 /* ProviderTextLocalization.swift */ = {isa = PBXFileReference; lastKnownFileType = sourcecode.swift; path = ProviderTextLocalization.swift; sourceTree = "<group>"; };
		61F5278036864C9CBF1983DB /* ProviderDisconnectionStore.swift */ = {isa = PBXFileReference; lastKnownFileType = sourcecode.swift; path = ProviderDisconnectionStore.swift; sourceTree = "<group>"; };
		6B2D5E9C88A75204B3D6FA12 /* WebDashboardAssets.swift */ = {isa = PBXFileReference; lastKnownFileType = sourcecode.swift; path = WebDashboardAssets.swift; sourceTree = "<group>"; };
		6C3BFF00D4540808AB1C860C /* AntigravityUsageProvider.swift */ = {isa = PBXFileReference; lastKnownFileType = sourcecode.swift; path = AntigravityUsageProvider.swift; sourceTree = "<group>"; };
		6CE6F47ABFF2010B590849E4 /* ProviderVisualStyle.swift */ = {isa = PBXFileReference; lastKnownFileType = sourcecode.swift; path = ProviderVisualStyle.swift; sourceTree = "<group>"; };
		703B4FB64DE1CE619CB4CBF3 /* OmoUsageApp.swift */ = {isa = PBXFileReference; lastKnownFileType = sourcecode.swift; path = OmoUsageApp.swift; sourceTree = "<group>"; };
		704F0659E7DABE1646D48DE4 /* FixtureUsageProvider.swift */ = {isa = PBXFileReference; lastKnownFileType = sourcecode.swift; path = FixtureUsageProvider.swift; sourceTree = "<group>"; };
		71A182659CB7E2F4FDD510F0 /* DashboardSnapshot.swift */ = {isa = PBXFileReference; lastKnownFileType = sourcecode.swift; path = DashboardSnapshot.swift; sourceTree = "<group>"; };
		75B31A35E61DC72262265D84 /* GrokUsageProvider.swift */ = {isa = PBXFileReference; lastKnownFileType = sourcecode.swift; path = GrokUsageProvider.swift; sourceTree = "<group>"; };
		78E247810A053AD78274650A /* CredentialDiscovery.swift */ = {isa = PBXFileReference; lastKnownFileType = sourcecode.swift; path = CredentialDiscovery.swift; sourceTree = "<group>"; };
		7A8C29D796E6A4DB0E008032 /* ClaudeUsageParser.swift */ = {isa = PBXFileReference; lastKnownFileType = sourcecode.swift; path = ClaudeUsageParser.swift; sourceTree = "<group>"; };
		81985102BEB8166F95456060 /* ClaudeCookieDatabase.swift */ = {isa = PBXFileReference; lastKnownFileType = sourcecode.swift; path = ClaudeCookieDatabase.swift; sourceTree = "<group>"; };
		904BE1BBDC988ADD8BE50A13 /* ProviderAPIKeyStore.swift */ = {isa = PBXFileReference; lastKnownFileType = sourcecode.swift; path = ProviderAPIKeyStore.swift; sourceTree = "<group>"; };
		9A1E4C8B77D641F3A2C5E901 /* WebDashboardServer.swift */ = {isa = PBXFileReference; lastKnownFileType = sourcecode.swift; path = WebDashboardServer.swift; sourceTree = "<group>"; };
		90AB4BC350C05CBD76F7B6CD /* ProviderFactory.swift */ = {isa = PBXFileReference; lastKnownFileType = sourcecode.swift; path = ProviderFactory.swift; sourceTree = "<group>"; };
		99E35EB45A3EB81DB7A55A08 /* ProviderIcon.swift */ = {isa = PBXFileReference; lastKnownFileType = sourcecode.swift; path = ProviderIcon.swift; sourceTree = "<group>"; };
		9EABF919950219809021F3EC /* SecurityKeychainReader.swift */ = {isa = PBXFileReference; lastKnownFileType = sourcecode.swift; path = SecurityKeychainReader.swift; sourceTree = "<group>"; };
		A081648FEC2B1C86F53B4A00 /* claude.svg */ = {isa = PBXFileReference; path = claude.svg; sourceTree = "<group>"; };
		A0EF238B1691AA11179C0707 /* DashboardLayout.swift */ = {isa = PBXFileReference; lastKnownFileType = sourcecode.swift; path = DashboardLayout.swift; sourceTree = "<group>"; };
		B1923C928915C5FF1B9F1086 /* ProviderID.swift */ = {isa = PBXFileReference; lastKnownFileType = sourcecode.swift; path = ProviderID.swift; sourceTree = "<group>"; };
		D10C4986CF84E3A839055E01 /* ZAIUsageProvider.swift */ = {isa = PBXFileReference; lastKnownFileType = sourcecode.swift; path = ZAIUsageProvider.swift; sourceTree = "<group>"; };
		D1BCF394421F7C8988DC6567 /* DashboardView.swift */ = {isa = PBXFileReference; lastKnownFileType = sourcecode.swift; path = DashboardView.swift; sourceTree = "<group>"; };
		D5CF7CBDBE3A6256C0F1694C /* OpenCodeUsageProvider.swift */ = {isa = PBXFileReference; lastKnownFileType = sourcecode.swift; path = OpenCodeUsageProvider.swift; sourceTree = "<group>"; };
		D743407BB6070410C37C24ED /* PopoverDismissalController.swift */ = {isa = PBXFileReference; lastKnownFileType = sourcecode.swift; path = PopoverDismissalController.swift; sourceTree = "<group>"; };
		DA2DFDCC52C819D174BBECE1 /* CodexPlanMultiplierStore.swift */ = {isa = PBXFileReference; lastKnownFileType = sourcecode.swift; path = CodexPlanMultiplierStore.swift; sourceTree = "<group>"; };
		DA6198AA976BD0BCAE26F5A9 /* AntigravityUsageParser.swift */ = {isa = PBXFileReference; lastKnownFileType = sourcecode.swift; path = AntigravityUsageParser.swift; sourceTree = "<group>"; };
		DC0B81DC5CFBF8B0D0E43BBD /* ProviderSectionView.swift */ = {isa = PBXFileReference; lastKnownFileType = sourcecode.swift; path = ProviderSectionView.swift; sourceTree = "<group>"; };
		DFF2372A302C924B066BD9D3 /* ProviderSetup.swift */ = {isa = PBXFileReference; lastKnownFileType = sourcecode.swift; path = ProviderSetup.swift; sourceTree = "<group>"; };
		E3E10EB6976F4F322009A416 /* UsageRefreshScheduler.swift */ = {isa = PBXFileReference; lastKnownFileType = sourcecode.swift; path = UsageRefreshScheduler.swift; sourceTree = "<group>"; };
		E5569E48222BF50022CEA5B0 /* CopilotUsageProvider.swift */ = {isa = PBXFileReference; lastKnownFileType = sourcecode.swift; path = CopilotUsageProvider.swift; sourceTree = "<group>"; };
		E5B22CD5D991B72AA8A5C823 /* UsageMeterView.swift */ = {isa = PBXFileReference; lastKnownFileType = sourcecode.swift; path = UsageMeterView.swift; sourceTree = "<group>"; };
		E65A1667ED51CD4C93B9F9B0 /* UsageSnapshotSync.swift */ = {isa = PBXFileReference; lastKnownFileType = sourcecode.swift; path = UsageSnapshotSync.swift; sourceTree = "<group>"; };
		E8F61035215741B843CC41D6 /* PopoverFooterView.swift */ = {isa = PBXFileReference; lastKnownFileType = sourcecode.swift; path = PopoverFooterView.swift; sourceTree = "<group>"; };
		EA86CD1B61D42BC30787D861 /* AppDelegate.swift */ = {isa = PBXFileReference; lastKnownFileType = sourcecode.swift; path = AppDelegate.swift; sourceTree = "<group>"; };
		EA8723B6284BF3D3844961E1 /* CodexUsageParser.swift */ = {isa = PBXFileReference; lastKnownFileType = sourcecode.swift; path = CodexUsageParser.swift; sourceTree = "<group>"; };
		ED1D70323A1B8E46FBA98247 /* LaunchAtLoginController.swift */ = {isa = PBXFileReference; lastKnownFileType = sourcecode.swift; path = LaunchAtLoginController.swift; sourceTree = "<group>"; };
		EDBDAA9604D9D64ED51A325C /* AppIconFactory.swift */ = {isa = PBXFileReference; lastKnownFileType = sourcecode.swift; path = AppIconFactory.swift; sourceTree = "<group>"; };
		F2F93832A03EEFC4678E3EFD /* SettingsView.swift */ = {isa = PBXFileReference; lastKnownFileType = sourcecode.swift; path = SettingsView.swift; sourceTree = "<group>"; };
		F31A95484F3E7C27B3246C59 /* RefreshTimestampPresenter.swift */ = {isa = PBXFileReference; lastKnownFileType = sourcecode.swift; path = RefreshTimestampPresenter.swift; sourceTree = "<group>"; };
		FCC12B90FAFA8ABCFFDDAC95 /* AppStrings.swift */ = {isa = PBXFileReference; lastKnownFileType = sourcecode.swift; path = AppStrings.swift; sourceTree = "<group>"; };
		FDD3136D2B697F932F2F4157 /* UsageDashboardViewModel.swift */ = {isa = PBXFileReference; lastKnownFileType = sourcecode.swift; path = UsageDashboardViewModel.swift; sourceTree = "<group>"; };
/* End PBXFileReference section */

/* Begin PBXFrameworksBuildPhase section */
		B83FF737CB80C36BE854974D /* Frameworks */ = {
			isa = PBXFrameworksBuildPhase;
			buildActionMask = 2147483647;
			files = (
				8CAA8252EBDB574B1578C31B /* libsqlite3.tbd in Frameworks */,
			);
			runOnlyForDeploymentPostprocessing = 0;
		};
/* End PBXFrameworksBuildPhase section */

/* Begin PBXGroup section */
		0FB15B3695436DA6F60AE82C /* Providers */ = {
			isa = PBXGroup;
			children = (
				DA6198AA976BD0BCAE26F5A9 /* AntigravityUsageParser.swift */,
				6C3BFF00D4540808AB1C860C /* AntigravityUsageProvider.swift */,
				7A8C29D796E6A4DB0E008032 /* ClaudeUsageParser.swift */,
				112233445566778899AABB03 /* ClaudeRefreshCooldown.swift */,
				0AEBE13803AE9738F67BFD6C /* ClaudeUsageProvider.swift */,
				EA8723B6284BF3D3844961E1 /* CodexUsageParser.swift */,
				4ECD87E197A72829FA4FEF8F /* CodexUsageProvider.swift */,
				E5569E48222BF50022CEA5B0 /* CopilotUsageProvider.swift */,
				25DDBD14AFA75AB0522C6FDD /* CursorUsageProvider.swift */,
				3DABB14A0BEE73305B501919 /* DevinUsageProvider.swift */,
				704F0659E7DABE1646D48DE4 /* FixtureUsageProvider.swift */,
				75B31A35E61DC72262265D84 /* GrokUsageProvider.swift */,
				D5CF7CBDBE3A6256C0F1694C /* OpenCodeUsageProvider.swift */,
				332B6061B110A89D9233C052 /* OpenRouterUsageProvider.swift */,
				90AB4BC350C05CBD76F7B6CD /* ProviderFactory.swift */,
				5026452A4FFB4EC36C26BBF8 /* ProviderHTTP.swift */,
				4ABCFDAB1771087494006F4A /* ProviderPayload.swift */,
				0D46C616793C1B92D5BDFBFA /* UsageParsing.swift */,
				D10C4986CF84E3A839055E01 /* ZAIUsageProvider.swift */,
			);
			path = Providers;
			sourceTree = "<group>";
		};
		175BD635613164979CE6D4C2 /* Localization */ = {
			isa = PBXGroup;
			children = (
				41E8CE16AA5C8DD310F8BA4C /* AppLanguage.swift */,
				FCC12B90FAFA8ABCFFDDAC95 /* AppStrings.swift */,
				5CEFE498203410659A84EB09 /* ProviderTextLocalization.swift */,
			);
			path = Localization;
			sourceTree = "<group>";
		};
		2213CBBF51F805C8109974F9 = {
			isa = PBXGroup;
			children = (
				6CD5B3A51A8D25E3EFC38FFF /* Mobile */,
				9F6B0CAFDDD65FF975359D22 /* OmoUsage */,
				FCD887A832B09E087169377D /* Frameworks */,
				E8082FF65EB299078EEEEFBA /* Products */,
			);
			sourceTree = "<group>";
		};
		247F9CF0F6FE030CB962F3C3 /* Models */ = {
			isa = PBXGroup;
			children = (
				71A182659CB7E2F4FDD510F0 /* DashboardSnapshot.swift */,
				B1923C928915C5FF1B9F1086 /* ProviderID.swift */,
				6CE6F47ABFF2010B590849E4 /* ProviderVisualStyle.swift */,
				30302AB6692C2026C197EE4C /* UsageModels.swift */,
			);
			path = Models;
			sourceTree = "<group>";
		};
		6CD5B3A51A8D25E3EFC38FFF /* Mobile */ = {
			isa = PBXGroup;
			children = (
				180AC40D8EDBC622D6A9C298 /* MobileUsageView.swift */,
				2FF0322D5D63B947145ED7D6 /* OmoUsageMobileApp.swift */,
			);
			name = Mobile;
			path = Sources/OmoUsage/Mobile;
			sourceTree = "<group>";
		};
		7816510189A4DBD51485D47C /* Views */ = {
			isa = PBXGroup;
			children = (
				D1BCF394421F7C8988DC6567 /* DashboardView.swift */,
				4DE3495FD4EF7CEF400CF611 /* InteractiveIconButton.swift */,
				E8F61035215741B843CC41D6 /* PopoverFooterView.swift */,
				99E35EB45A3EB81DB7A55A08 /* ProviderIcon.swift */,
				DC0B81DC5CFBF8B0D0E43BBD /* ProviderSectionView.swift */,
				F31A95484F3E7C27B3246C59 /* RefreshTimestampPresenter.swift */,
				F2F93832A03EEFC4678E3EFD /* SettingsView.swift */,
				E5B22CD5D991B72AA8A5C823 /* UsageMeterView.swift */,
			);
			path = Views;
			sourceTree = "<group>";
		};
		7F7A5FC6C80D1761A895E258 /* ProviderIcons */ = {
			isa = PBXGroup;
			children = (
				29E125B432F6AF3B9025F9C9 /* antigravity.svg */,
				A081648FEC2B1C86F53B4A00 /* claude.svg */,
				502CAD368A22EC9E4F6FEE6B /* codex.svg */,
			);
			path = ProviderIcons;
			sourceTree = "<group>";
		};
		1A25C831DD3C0759082B4F67 /* WebDashboard */ = {
			isa = PBXGroup;
			children = (
				6B2D5E9C88A75204B3D6FA12 /* WebDashboardAssets.swift */,
				9A1E4C8B77D641F3A2C5E901 /* WebDashboardServer.swift */,
			);
			path = WebDashboard;
			sourceTree = "<group>";
		};
		2B36D942EE4D186A193C5078 /* WebDashboard */ = {
			isa = PBXGroup;
			children = (
				4C3E6FAD99B86315C4E70B23 /* index.html */,
			);
			path = WebDashboard;
			sourceTree = "<group>";
		};
		9F6B0CAFDDD65FF975359D22 /* OmoUsage */ = {
			isa = PBXGroup;
			children = (
				EA86CD1B61D42BC30787D861 /* AppDelegate.swift */,
				EDBDAA9604D9D64ED51A325C /* AppIconFactory.swift */,
				ED1D70323A1B8E46FBA98247 /* LaunchAtLoginController.swift */,
				703B4FB64DE1CE619CB4CBF3 /* OmoUsageApp.swift */,
				D743407BB6070410C37C24ED /* PopoverDismissalController.swift */,
				B5E899256F8FA08A323A9450 /* Credentials */,
				EA4A11A0B084FCA9322107AD /* Dashboard */,
				175BD635613164979CE6D4C2 /* Localization */,
				247F9CF0F6FE030CB962F3C3 /* Models */,
				0FB15B3695436DA6F60AE82C /* Providers */,
				A7E78F73D1B0D694152F451E /* Resources */,
				DB4E28AFA759D8D550FD03BC /* Settings */,
				A870C4EA2CD44CFA2E5954FD /* Sync */,
				7816510189A4DBD51485D47C /* Views */,
				1A25C831DD3C0759082B4F67 /* WebDashboard */,
			);
			name = OmoUsage;
			path = Sources/OmoUsage;
			sourceTree = "<group>";
		};
		A7E78F73D1B0D694152F451E /* Resources */ = {
			isa = PBXGroup;
			children = (
				57E5E7F93A4FF031DEF61076 /* AppIcon.svg */,
				7F7A5FC6C80D1761A895E258 /* ProviderIcons */,
				2B36D942EE4D186A193C5078 /* WebDashboard */,
			);
			path = Resources;
			sourceTree = "<group>";
		};
		A870C4EA2CD44CFA2E5954FD /* Sync */ = {
			isa = PBXGroup;
			children = (
				E65A1667ED51CD4C93B9F9B0 /* UsageSnapshotSync.swift */,
			);
			path = Sync;
			sourceTree = "<group>";
		};
		B5E899256F8FA08A323A9450 /* Credentials */ = {
			isa = PBXGroup;
			children = (
				18E04655A177A8AA235FBDB9 /* AdditionalCredentialDiscovery.swift */,
				81985102BEB8166F95456060 /* ClaudeCookieDatabase.swift */,
				035DD26480869B2DDFE54E8C /* ClaudeDesktopSessionReader.swift */,
				0E2DF97B8FE48D28C14CD0C0 /* ClaudeSafeStorageKeychainReader.swift */,
				78E247810A053AD78274650A /* CredentialDiscovery.swift */,
				56DAA835165D9917F4E0C489 /* LocalDataAccess.swift */,
				9EABF919950219809021F3EC /* SecurityKeychainReader.swift */,
				112233445566778899AABB04 /* SecurityKeychainWriter.swift */,
			);
			path = Credentials;
			sourceTree = "<group>";
		};
		DB4E28AFA759D8D550FD03BC /* Settings */ = {
			isa = PBXGroup;
			children = (
				DA2DFDCC52C819D174BBECE1 /* CodexPlanMultiplierStore.swift */,
				904BE1BBDC988ADD8BE50A13 /* ProviderAPIKeyStore.swift */,
				61F5278036864C9CBF1983DB /* ProviderDisconnectionStore.swift */,
				0F03319A261576E4FBE15484 /* ProviderDisplayOrderStore.swift */,
				DFF2372A302C924B066BD9D3 /* ProviderSetup.swift */,
			);
			path = Settings;
			sourceTree = "<group>";
		};
		E8082FF65EB299078EEEEFBA /* Products */ = {
			isa = PBXGroup;
			children = (
				49C4D32EDDD9D2B9A4B21481 /* OmoUsage.app */,
				2839AE5CADDD8BD525BF4E86 /* OmoUsageMobile.app */,
			);
			name = Products;
			sourceTree = "<group>";
		};
		EA4A11A0B084FCA9322107AD /* Dashboard */ = {
			isa = PBXGroup;
			children = (
				A0EF238B1691AA11179C0707 /* DashboardLayout.swift */,
				FDD3136D2B697F932F2F4157 /* UsageDashboardViewModel.swift */,
				3E6D7E23743FBBC34BFEED57 /* UsageProvider.swift */,
				E3E10EB6976F4F322009A416 /* UsageRefreshScheduler.swift */,
			);
			path = Dashboard;
			sourceTree = "<group>";
		};
		FCD887A832B09E087169377D /* Frameworks */ = {
			isa = PBXGroup;
			children = (
				12E50862E77350D46888BB0B /* libsqlite3.tbd */,
			);
			name = Frameworks;
			sourceTree = "<group>";
		};
/* End PBXGroup section */

/* Begin PBXNativeTarget section */
		0CC77AE10DC7B7C7C7B957A1 /* OmoUsage */ = {
			isa = PBXNativeTarget;
			buildConfigurationList = 944E32D55B768FE06D616837 /* Build configuration list for PBXNativeTarget "OmoUsage" */;
			buildPhases = (
				A45E6D696FCBAE65ABF1C175 /* Sources */,
				DE299416AEA02C473B1754F1 /* Resources */,
				B83FF737CB80C36BE854974D /* Frameworks */,
			);
			buildRules = (
			);
			dependencies = (
			);
			name = OmoUsage;
			packageProductDependencies = (
			);
			productName = OmoUsage;
			productReference = 49C4D32EDDD9D2B9A4B21481 /* OmoUsage.app */;
			productType = "com.apple.product-type.application";
		};
		A87A06358769EE5AB7089256 /* OmoUsageMobile */ = {
			isa = PBXNativeTarget;
			buildConfigurationList = CEDACB132CCEA21E7966D603 /* Build configuration list for PBXNativeTarget "OmoUsageMobile" */;
			buildPhases = (
				C401F8BD925817E8104F09D4 /* Sources */,
			);
			buildRules = (
			);
			dependencies = (
			);
			name = OmoUsageMobile;
			packageProductDependencies = (
			);
			productName = OmoUsageMobile;
			productReference = 2839AE5CADDD8BD525BF4E86 /* OmoUsageMobile.app */;
			productType = "com.apple.product-type.application";
		};
/* End PBXNativeTarget section */

/* Begin PBXProject section */
		A172B776BD5A42E741EFC8F7 /* Project object */ = {
			isa = PBXProject;
			attributes = {
				BuildIndependentTargetsInParallel = YES;
				LastUpgradeCheck = 2600;
				TargetAttributes = {
					0CC77AE10DC7B7C7C7B957A1 = {
						ProvisioningStyle = Automatic;
					};
					A87A06358769EE5AB7089256 = {
						ProvisioningStyle = Automatic;
					};
				};
			};
			buildConfigurationList = A27EB52E1E2600F854B90520 /* Build configuration list for PBXProject "OmoUsage" */;
			developmentRegion = en;
			hasScannedForEncodings = 0;
			knownRegions = (
				Base,
				en,
			);
			mainGroup = 2213CBBF51F805C8109974F9;
			minimizedProjectReferenceProxies = 1;
			preferredProjectObjectVersion = 77;
			productRefGroup = E8082FF65EB299078EEEEFBA /* Products */;
			projectDirPath = "";
			projectRoot = "";
			targets = (
				0CC77AE10DC7B7C7C7B957A1 /* OmoUsage */,
				A87A06358769EE5AB7089256 /* OmoUsageMobile */,
			);
		};
/* End PBXProject section */

/* Begin PBXResourcesBuildPhase section */
		DE299416AEA02C473B1754F1 /* Resources */ = {
			isa = PBXResourcesBuildPhase;
			buildActionMask = 2147483647;
			files = (
				E27F563450228C1984114909 /* AppIcon.svg in Resources */,
				2DCD16665AC3EDDDDDF21AC5 /* antigravity.svg in Resources */,
				DA299BE40BC3DE1D20D9F8E0 /* claude.svg in Resources */,
				6881D614817D3B112DB86B8C /* codex.svg in Resources */,
				F314B720CC2B9648F71A3E56 /* index.html in Resources */,
			);
			runOnlyForDeploymentPostprocessing = 0;
		};
/* End PBXResourcesBuildPhase section */

/* Begin PBXSourcesBuildPhase section */
		A45E6D696FCBAE65ABF1C175 /* Sources */ = {
			isa = PBXSourcesBuildPhase;
			buildActionMask = 2147483647;
			files = (
				8170BB41E2A183846F897346 /* AdditionalCredentialDiscovery.swift in Sources */,
				89B49B73241BE1906C0342C4 /* AntigravityUsageParser.swift in Sources */,
				3A0FB04FFE0809B98130C2DE /* AntigravityUsageProvider.swift in Sources */,
				3E1A91CBF12D7769C67D2549 /* AppDelegate.swift in Sources */,
				B49803124479D286A44097B4 /* AppIconFactory.swift in Sources */,
				0944C8F91AD549822C00ADBD /* AppLanguage.swift in Sources */,
				236AA9B1A0EBDAF6B532D5C0 /* AppStrings.swift in Sources */,
				51638F234F2D5AE486A54EE1 /* ClaudeCookieDatabase.swift in Sources */,
				D6D3219CE75A0F7941AB807C /* ClaudeDesktopSessionReader.swift in Sources */,
				2A5A76CECF983C678675A9D6 /* ClaudeSafeStorageKeychainReader.swift in Sources */,
				F18D2152109273D7B1A2C6FD /* ClaudeUsageParser.swift in Sources */,
				112233445566778899AABB01 /* ClaudeRefreshCooldown.swift in Sources */,
				19EFE0542B4CA456C58C9A74 /* ClaudeUsageProvider.swift in Sources */,
				AE3D66BA181CF528785B9141 /* CodexPlanMultiplierStore.swift in Sources */,
				69CED2C3D7304C984EE2EFE7 /* CodexUsageParser.swift in Sources */,
				C8791D837E30716C7F09C57C /* CodexUsageProvider.swift in Sources */,
				0599F5C016D60F67403C42C2 /* CopilotUsageProvider.swift in Sources */,
				8A7A8F4EE1ABDAA16CA411FE /* CredentialDiscovery.swift in Sources */,
				D0C4057361D5DE869F36320A /* CursorUsageProvider.swift in Sources */,
				E3D4C74035B8B1823B6D6353 /* DashboardLayout.swift in Sources */,
				B025B2016537FDACEC08B10A /* DashboardSnapshot.swift in Sources */,
				24785217C15545587AFE7E48 /* DashboardView.swift in Sources */,
				C4EA5C82813C76747D7861AB /* DevinUsageProvider.swift in Sources */,
				5F3ABEB2226604C3D97E3FE9 /* FixtureUsageProvider.swift in Sources */,
				D82EE3B108EEA1BDA4026430 /* GrokUsageProvider.swift in Sources */,
				26C516A883C98131D9EEF56A /* InteractiveIconButton.swift in Sources */,
				0FADE3BDD279957305E58A95 /* LaunchAtLoginController.swift in Sources */,
				9BEA667587DEC3895D1D4B45 /* LocalDataAccess.swift in Sources */,
				73B50972614E5006FCD39C35 /* OmoUsageApp.swift in Sources */,
				728B1946BB5A0E6D9F7BECC1 /* OpenCodeUsageProvider.swift in Sources */,
				B249B7C0F61BD0C951EDEC61 /* OpenRouterUsageProvider.swift in Sources */,
				FC3EA16049207CF4DD0DFF96 /* PopoverDismissalController.swift in Sources */,
				E3B4AC9EC778BE509B98E2DE /* PopoverFooterView.swift in Sources */,
				77085914D073A6F1CD4CA7C7 /* ProviderAPIKeyStore.swift in Sources */,
				D2AEF7EE1438AD4BD92ED58C /* ProviderDisconnectionStore.swift in Sources */,
				8B29F479D59DB03872982777 /* ProviderDisplayOrderStore.swift in Sources */,
				DC4FC34D73444DD0D4A3E003 /* ProviderFactory.swift in Sources */,
				08E130090A54B77649BBF5CF /* ProviderHTTP.swift in Sources */,
				4B4F02625CE1A0760F28E0F9 /* ProviderID.swift in Sources */,
				73FF7EC7862D9A97B9355CB9 /* ProviderIcon.swift in Sources */,
				5677DED53647DB7768CEBEB6 /* ProviderPayload.swift in Sources */,
				76586160A7D4F59218F9BE1F /* ProviderSectionView.swift in Sources */,
				72335C02558EBD7437D9EAC7 /* ProviderSetup.swift in Sources */,
				C8BF9FD98E8453C90694F505 /* ProviderTextLocalization.swift in Sources */,
				A9E7EA73978A8697225E2A27 /* ProviderVisualStyle.swift in Sources */,
				098A1A499BB09A93EFCAC141 /* RefreshTimestampPresenter.swift in Sources */,
				D6712313D01B279FD91F9573 /* SecurityKeychainReader.swift in Sources */,
				112233445566778899AABB02 /* SecurityKeychainWriter.swift in Sources */,
				F053355E2A64A69C851FF8C3 /* SettingsView.swift in Sources */,
				90DCF0C3402F0974561CA955 /* UsageDashboardViewModel.swift in Sources */,
				1F3BE6FCFA852970241D6E25 /* UsageMeterView.swift in Sources */,
				519728574A52166DC016C745 /* UsageModels.swift in Sources */,
				5722D8C223150C2C4F4EFA6F /* UsageParsing.swift in Sources */,
				440F27E36B0B17BD49E0ADDA /* UsageProvider.swift in Sources */,
				F1E5811217BBFC2D2DCD3A31 /* UsageRefreshScheduler.swift in Sources */,
				30BC7C264D6FB26696BA75C6 /* UsageSnapshotSync.swift in Sources */,
				E203A61FBB1A8537E6092D45 /* WebDashboardAssets.swift in Sources */,
				D1F2950EAA097426D5F81C34 /* WebDashboardServer.swift in Sources */,
				4D56D9A1368CDEDE47FA1207 /* ZAIUsageProvider.swift in Sources */,
			);
			runOnlyForDeploymentPostprocessing = 0;
		};
		C401F8BD925817E8104F09D4 /* Sources */ = {
			isa = PBXSourcesBuildPhase;
			buildActionMask = 2147483647;
			files = (
				48D920242BDA88519B2FF4BD /* AppLanguage.swift in Sources */,
				F2E65B7B57BFEA1DBEDEAA08 /* AppStrings.swift in Sources */,
				370EE7CDBA2972CD5409C9F7 /* DashboardSnapshot.swift in Sources */,
				4B381373CDF4B7F91D07C3B9 /* MobileUsageView.swift in Sources */,
				707C579D88BE8B268CAD3CEF /* OmoUsageMobileApp.swift in Sources */,
				837919BC114FC6497176EBA0 /* ProviderDisplayOrderStore.swift in Sources */,
				4E57AA87AF0984BF2143E635 /* ProviderID.swift in Sources */,
				A8E960A082F8FD7DBD737FEE /* ProviderTextLocalization.swift in Sources */,
				FD484605FEE29F3BF60551D5 /* ProviderVisualStyle.swift in Sources */,
				A83348CE24340E6BC207799B /* UsageModels.swift in Sources */,
				C514F1A530CAEFBB9EFC0980 /* UsageSnapshotSync.swift in Sources */,
			);
			runOnlyForDeploymentPostprocessing = 0;
		};
/* End PBXSourcesBuildPhase section */

/* Begin XCBuildConfiguration section */
		3293B24784B225DBC0198E14 /* Release */ = {
			isa = XCBuildConfiguration;
			buildSettings = {
				ALWAYS_SEARCH_USER_PATHS = NO;
				CLANG_ANALYZER_NONNULL = YES;
				CLANG_ANALYZER_NUMBER_OBJECT_CONVERSION = YES_AGGRESSIVE;
				CLANG_CXX_LANGUAGE_STANDARD = "gnu++14";
				CLANG_CXX_LIBRARY = "libc++";
				CLANG_ENABLE_MODULES = YES;
				CLANG_ENABLE_OBJC_ARC = YES;
				CLANG_ENABLE_OBJC_WEAK = YES;
				CLANG_WARN_BLOCK_CAPTURE_AUTORELEASING = YES;
				CLANG_WARN_BOOL_CONVERSION = YES;
				CLANG_WARN_COMMA = YES;
				CLANG_WARN_CONSTANT_CONVERSION = YES;
				CLANG_WARN_DEPRECATED_OBJC_IMPLEMENTATIONS = YES;
				CLANG_WARN_DIRECT_OBJC_ISA_USAGE = YES_ERROR;
				CLANG_WARN_DOCUMENTATION_COMMENTS = YES;
				CLANG_WARN_EMPTY_BODY = YES;
				CLANG_WARN_ENUM_CONVERSION = YES;
				CLANG_WARN_INFINITE_RECURSION = YES;
				CLANG_WARN_INT_CONVERSION = YES;
				CLANG_WARN_NON_LITERAL_NULL_CONVERSION = YES;
				CLANG_WARN_OBJC_IMPLICIT_RETAIN_SELF = YES;
				CLANG_WARN_OBJC_LITERAL_CONVERSION = YES;
				CLANG_WARN_OBJC_ROOT_CLASS = YES_ERROR;
				CLANG_WARN_QUOTED_INCLUDE_IN_FRAMEWORK_HEADER = YES;
				CLANG_WARN_RANGE_LOOP_ANALYSIS = YES;
				CLANG_WARN_STRICT_PROTOTYPES = YES;
				CLANG_WARN_SUSPICIOUS_MOVE = YES;
				CLANG_WARN_UNGUARDED_AVAILABILITY = YES_AGGRESSIVE;
				CLANG_WARN_UNREACHABLE_CODE = YES;
				CLANG_WARN__DUPLICATE_METHOD_MATCH = YES;
				COPY_PHASE_STRIP = NO;
				DEBUG_INFORMATION_FORMAT = "dwarf-with-dsym";
				ENABLE_NS_ASSERTIONS = NO;
				ENABLE_STRICT_OBJC_MSGSEND = YES;
				GCC_C_LANGUAGE_STANDARD = gnu11;
				GCC_NO_COMMON_BLOCKS = YES;
				GCC_WARN_64_TO_32_BIT_CONVERSION = YES;
				GCC_WARN_ABOUT_RETURN_TYPE = YES_ERROR;
				GCC_WARN_UNDECLARED_SELECTOR = YES;
				GCC_WARN_UNINITIALIZED_AUTOS = YES_AGGRESSIVE;
				GCC_WARN_UNUSED_FUNCTION = YES;
				GCC_WARN_UNUSED_VARIABLE = YES;
				IPHONEOS_DEPLOYMENT_TARGET = 18.0;
				MACOSX_DEPLOYMENT_TARGET = 15.0;
				MTL_ENABLE_DEBUG_INFO = NO;
				MTL_FAST_MATH = YES;
				PRODUCT_NAME = "$(TARGET_NAME)";
				SWIFT_COMPILATION_MODE = wholemodule;
				SWIFT_OPTIMIZATION_LEVEL = "-O";
				SWIFT_VERSION = 6.0;
			};
			name = Release;
		};
		814F29E72E20CEEF72B849FC /* Debug */ = {
			isa = XCBuildConfiguration;
			buildSettings = {
				ALWAYS_SEARCH_USER_PATHS = NO;
				CLANG_ANALYZER_NONNULL = YES;
				CLANG_ANALYZER_NUMBER_OBJECT_CONVERSION = YES_AGGRESSIVE;
				CLANG_CXX_LANGUAGE_STANDARD = "gnu++14";
				CLANG_CXX_LIBRARY = "libc++";
				CLANG_ENABLE_MODULES = YES;
				CLANG_ENABLE_OBJC_ARC = YES;
				CLANG_ENABLE_OBJC_WEAK = YES;
				CLANG_WARN_BLOCK_CAPTURE_AUTORELEASING = YES;
				CLANG_WARN_BOOL_CONVERSION = YES;
				CLANG_WARN_COMMA = YES;
				CLANG_WARN_CONSTANT_CONVERSION = YES;
				CLANG_WARN_DEPRECATED_OBJC_IMPLEMENTATIONS = YES;
				CLANG_WARN_DIRECT_OBJC_ISA_USAGE = YES_ERROR;
				CLANG_WARN_DOCUMENTATION_COMMENTS = YES;
				CLANG_WARN_EMPTY_BODY = YES;
				CLANG_WARN_ENUM_CONVERSION = YES;
				CLANG_WARN_INFINITE_RECURSION = YES;
				CLANG_WARN_INT_CONVERSION = YES;
				CLANG_WARN_NON_LITERAL_NULL_CONVERSION = YES;
				CLANG_WARN_OBJC_IMPLICIT_RETAIN_SELF = YES;
				CLANG_WARN_OBJC_LITERAL_CONVERSION = YES;
				CLANG_WARN_OBJC_ROOT_CLASS = YES_ERROR;
				CLANG_WARN_QUOTED_INCLUDE_IN_FRAMEWORK_HEADER = YES;
				CLANG_WARN_RANGE_LOOP_ANALYSIS = YES;
				CLANG_WARN_STRICT_PROTOTYPES = YES;
				CLANG_WARN_SUSPICIOUS_MOVE = YES;
				CLANG_WARN_UNGUARDED_AVAILABILITY = YES_AGGRESSIVE;
				CLANG_WARN_UNREACHABLE_CODE = YES;
				CLANG_WARN__DUPLICATE_METHOD_MATCH = YES;
				COPY_PHASE_STRIP = NO;
				DEBUG_INFORMATION_FORMAT = dwarf;
				ENABLE_STRICT_OBJC_MSGSEND = YES;
				ENABLE_TESTABILITY = YES;
				GCC_C_LANGUAGE_STANDARD = gnu11;
				GCC_DYNAMIC_NO_PIC = NO;
				GCC_NO_COMMON_BLOCKS = YES;
				GCC_OPTIMIZATION_LEVEL = 0;
				GCC_PREPROCESSOR_DEFINITIONS = (
					"$(inherited)",
					"DEBUG=1",
				);
				GCC_WARN_64_TO_32_BIT_CONVERSION = YES;
				GCC_WARN_ABOUT_RETURN_TYPE = YES_ERROR;
				GCC_WARN_UNDECLARED_SELECTOR = YES;
				GCC_WARN_UNINITIALIZED_AUTOS = YES_AGGRESSIVE;
				GCC_WARN_UNUSED_FUNCTION = YES;
				GCC_WARN_UNUSED_VARIABLE = YES;
				IPHONEOS_DEPLOYMENT_TARGET = 18.0;
				MACOSX_DEPLOYMENT_TARGET = 15.0;
				MTL_ENABLE_DEBUG_INFO = INCLUDE_SOURCE;
				MTL_FAST_MATH = YES;
				ONLY_ACTIVE_ARCH = YES;
				PRODUCT_NAME = "$(TARGET_NAME)";
				SWIFT_ACTIVE_COMPILATION_CONDITIONS = DEBUG;
				SWIFT_OPTIMIZATION_LEVEL = "-Onone";
				SWIFT_VERSION = 6.0;
			};
			name = Debug;
		};
		9FB88FED4B56F755CBF36029 /* Debug */ = {
			isa = XCBuildConfiguration;
			buildSettings = {
				ASSETCATALOG_COMPILER_APPICON_NAME = AppIcon;
				CODE_SIGN_ENTITLEMENTS = Config/OmoUsageMobile.entitlements;
				CODE_SIGN_IDENTITY = "iPhone Developer";
				CODE_SIGN_STYLE = Automatic;
				INFOPLIST_FILE = Config/MobileInfo.plist;
				LD_RUNPATH_SEARCH_PATHS = (
					"$(inherited)",
					"@executable_path/Frameworks",
				);
				PRODUCT_BUNDLE_IDENTIFIER = com.omo.usage.mobile;
				PRODUCT_NAME = OmoUsage;
				SDKROOT = iphoneos;
				SUPPORTED_PLATFORMS = "iphoneos iphonesimulator";
				SUPPORTS_MACCATALYST = YES;
				SUPPORTS_MAC_DESIGNED_FOR_IPHONE_IPAD = NO;
				SUPPORTS_XR_DESIGNED_FOR_IPHONE_IPAD = YES;
				TARGETED_DEVICE_FAMILY = "1,2";
			};
			name = Debug;
		};
		A3E23CB6B04B62D9BE4600EF /* Release */ = {
			isa = XCBuildConfiguration;
			buildSettings = {
				ASSETCATALOG_COMPILER_APPICON_NAME = AppIcon;
				CODE_SIGN_ENTITLEMENTS = Config/OmoUsage.entitlements;
				CODE_SIGN_STYLE = Automatic;
				COMBINE_HIDPI_IMAGES = YES;
				INFOPLIST_FILE = Config/Info.plist;
				LD_RUNPATH_SEARCH_PATHS = (
					"$(inherited)",
					"@executable_path/../Frameworks",
				);
				PRODUCT_BUNDLE_IDENTIFIER = com.omo.usage;
				PRODUCT_NAME = OmoUsage;
				SDKROOT = macosx;
			};
			name = Release;
		};
		A68E0AA876DC578B8E992A36 /* Release */ = {
			isa = XCBuildConfiguration;
			buildSettings = {
				ASSETCATALOG_COMPILER_APPICON_NAME = AppIcon;
				CODE_SIGN_ENTITLEMENTS = Config/OmoUsageMobile.entitlements;
				CODE_SIGN_IDENTITY = "iPhone Developer";
				CODE_SIGN_STYLE = Automatic;
				INFOPLIST_FILE = Config/MobileInfo.plist;
				LD_RUNPATH_SEARCH_PATHS = (
					"$(inherited)",
					"@executable_path/Frameworks",
				);
				PRODUCT_BUNDLE_IDENTIFIER = com.omo.usage.mobile;
				PRODUCT_NAME = OmoUsage;
				SDKROOT = iphoneos;
				SUPPORTED_PLATFORMS = "iphoneos iphonesimulator";
				SUPPORTS_MACCATALYST = YES;
				SUPPORTS_MAC_DESIGNED_FOR_IPHONE_IPAD = NO;
				SUPPORTS_XR_DESIGNED_FOR_IPHONE_IPAD = YES;
				TARGETED_DEVICE_FAMILY = "1,2";
			};
			name = Release;
		};
		C35AFA5B05339C0AB1C7E374 /* Debug */ = {
			isa = XCBuildConfiguration;
			buildSettings = {
				ASSETCATALOG_COMPILER_APPICON_NAME = AppIcon;
				CODE_SIGN_ENTITLEMENTS = Config/OmoUsage.entitlements;
				CODE_SIGN_STYLE = Automatic;
				COMBINE_HIDPI_IMAGES = YES;
				INFOPLIST_FILE = Config/Info.plist;
				LD_RUNPATH_SEARCH_PATHS = (
					"$(inherited)",
					"@executable_path/../Frameworks",
				);
				PRODUCT_BUNDLE_IDENTIFIER = com.omo.usage;
				PRODUCT_NAME = OmoUsage;
				SDKROOT = macosx;
			};
			name = Debug;
		};
/* End XCBuildConfiguration section */

/* Begin XCConfigurationList section */
		944E32D55B768FE06D616837 /* Build configuration list for PBXNativeTarget "OmoUsage" */ = {
			isa = XCConfigurationList;
			buildConfigurations = (
				C35AFA5B05339C0AB1C7E374 /* Debug */,
				A3E23CB6B04B62D9BE4600EF /* Release */,
			);
			defaultConfigurationIsVisible = 0;
			defaultConfigurationName = Debug;
		};
		A27EB52E1E2600F854B90520 /* Build configuration list for PBXProject "OmoUsage" */ = {
			isa = XCConfigurationList;
			buildConfigurations = (
				814F29E72E20CEEF72B849FC /* Debug */,
				3293B24784B225DBC0198E14 /* Release */,
			);
			defaultConfigurationIsVisible = 0;
			defaultConfigurationName = Debug;
		};
		CEDACB132CCEA21E7966D603 /* Build configuration list for PBXNativeTarget "OmoUsageMobile" */ = {
			isa = XCConfigurationList;
			buildConfigurations = (
				9FB88FED4B56F755CBF36029 /* Debug */,
				A68E0AA876DC578B8E992A36 /* Release */,
			);
			defaultConfigurationIsVisible = 0;
			defaultConfigurationName = Debug;
		};
/* End XCConfigurationList section */
	};
	rootObject = A172B776BD5A42E741EFC8F7 /* Project object */;
}
